
Microsoft Visual Studio Solution File, Format Version 12.00
# Visual Studio Version 17
VisualStudioVersion = 17.1.32421.90
MinimumVisualStudioVersion = 10.0.40219.1
Project("{FAE04EC0-301F-11D3-BF4B-00C04F79EFBC}") = "BookStore", "BookStore\BookStore.csproj", "{D1D447B1-0284-482C-89BD-15D35B840EA3}"
EndProject
Global
	GlobalSection(SolutionConfigurationPlatforms) = preSolution
		Debug|Any CPU = Debug|Any CPU
		Release|Any CPU = Release|Any CPU
	EndGlobalSection
	GlobalSection(ProjectConfigurationPlatforms) = postSolution
		{D1D447B1-0284-482C-89BD-15D35B840EA3}.Debug|Any CPU.ActiveCfg = Debug|Any CPU
		{D1D447B1-0284-482C-89BD-15D35B840EA3}.Debug|Any CPU.Build.0 = Debug|Any CPU
		{D1D447B1-0284-482C-89BD-15D35B840EA3}.Release|Any CPU.ActiveCfg = Release|Any CPU
		{D1D447B1-0284-482C-89BD-15D35B840EA3}.Release|Any CPU.Build.0 = Release|Any CPU
	EndGlobalSection
	GlobalSection(SolutionProperties) = preSolution
		HideSolutionNode = FALSE
	EndGlobalSection
	GlobalSection(ExtensibilityGlobals) = postSolution
		SolutionGuid = {D33442D9-D246-4625-8172-27E7940B54F7}
	EndGlobalSection
EndGlobal
